
Microsoft Visual Studio Solution File, Format Version 12.00
# Visual Studio Version 17
VisualStudioVersion = 17.0.32112.339
MinimumVisualStudioVersion = 10.0.40219.1
Project("{FAE04EC0-301F-11D3-BF4B-00C04F79EFBC}") = "SupportSystem", "SupportSystem\SupportSystem.csproj", "{4247B79C-D7B3-4141-B677-AC3C963E21BF}"
EndProject
Global
	GlobalSection(SolutionConfigurationPlatforms) = preSolution
		Debug|Any CPU = Debug|Any CPU
		Release|Any CPU = Release|Any CPU
	EndGlobalSection
	GlobalSection(ProjectConfigurationPlatforms) = postSolution
		{4247B79C-D7B3-4141-B677-AC3C963E21BF}.Debug|Any CPU.ActiveCfg = Debug|Any CPU
		{4247B79C-D7B3-4141-B677-AC3C963E21BF}.Debug|Any CPU.Build.0 = Debug|Any CPU
		{4247B79C-D7B3-4141-B677-AC3C963E21BF}.Release|Any CPU.ActiveCfg = Release|Any CPU
		{4247B79C-D7B3-4141-B677-AC3C963E21BF}.Release|Any CPU.Build.0 = Release|Any CPU
	EndGlobalSection
	GlobalSection(SolutionProperties) = preSolution
		HideSolutionNode = FALSE
	EndGlobalSection
	GlobalSection(ExtensibilityGlobals) = postSolution
		SolutionGuid = {7529C0FA-1FD9-480E-A958-F2B923E3F595}
	EndGlobalSection
EndGlobal
